{
  "name": "chris_cryptoJS_encrypto_decrypto",
  "version": "1.0.0",
  "lockfileVersion": 3,
  "requires": true,
  "packages": {
    "": {
      "name": "chris_cryptoJS_encrypto_decrypto",
      "version": "1.0.0",
      "license": "ISC",
      "dependencies": {
        "dayjs": "^1.11.10",
        "picasso-library": "^1.0.1"
      }
    },
    "node_modules/dayjs": {
      "version": "1.11.10",
      "resolved": "https://registry.npmjs.org/dayjs/-/dayjs-1.11.10.tgz",
      "integrity": "sha512-vjAczensTgRcqDERK0SR2XMwsF/tSvnvlv6VcF2GIhg6Sx4yOIt/irsr1RDJsKiIyBzJDpCoXiWWq28MqH2cnQ=="
    },
    "node_modules/picasso-library": {
      "version": "1.0.1",
      "resolved": "https://registry.npmjs.org/picasso-library/-/picasso-library-1.0.1.tgz",
      "integrity": "sha512-P2bBk4rHjWStZEuKWD79UxFt16TkEF3aIAk9A5a/BuhGxkxI0Nt3xEC18+IVYHbpoS9UlkTlSdXoDwCIG6YGkw==",
      "dependencies": {
        "dayjs": "^1.11.10",
        "wy_jscolor": "^1.0.1"
      }
    },
    "node_modules/wy_jscolor": {
      "version": "1.0.3",
      "resolved": "https://registry.npmjs.org/wy_jscolor/-/wy_jscolor-1.0.3.tgz",
      "integrity": "sha512-HIWWOh+/mtzt+AJTJLW+fNhFF7VA1ZJkLHDu3nZFZw9o9loaUchl+INljQ5kC1G3mQh26i3BJyfS2bpUPxF7ZQ==",
      "dependencies": {
        "dayjs": "^1.11.10",
        "picasso-library": "^1.0.1"
      }
    }
  }
}
